
Microsoft Visual Studio Solution File, Format Version 12.00
# Visual Studio Version 16
VisualStudioVersion = 16.0.30011.22
MinimumVisualStudioVersion = 10.0.40219.1
Project("{FAE04EC0-301F-11D3-BF4B-00C04F79EFBC}") = "test", "test\test.csproj", "{8BE0E0B4-4198-4034-99E3-EB6E305A65CB}"
EndProject
Global
	GlobalSection(SolutionConfigurationPlatforms) = preSolution
		Debug|Any CPU = Debug|Any CPU
		Release|Any CPU = Release|Any CPU
	EndGlobalSection
	GlobalSection(ProjectConfigurationPlatforms) = postSolution
		{8BE0E0B4-4198-4034-99E3-EB6E305A65CB}.Debug|Any CPU.ActiveCfg = Debug|Any CPU
		{8BE0E0B4-4198-4034-99E3-EB6E305A65CB}.Debug|Any CPU.Build.0 = Debug|Any CPU
		{8BE0E0B4-4198-4034-99E3-EB6E305A65CB}.Release|Any CPU.ActiveCfg = Release|Any CPU
		{8BE0E0B4-4198-4034-99E3-EB6E305A65CB}.Release|Any CPU.Build.0 = Release|Any CPU
	EndGlobalSection
	GlobalSection(SolutionProperties) = preSolution
		HideSolutionNode = FALSE
	EndGlobalSection
	GlobalSection(ExtensibilityGlobals) = postSolution
		SolutionGuid = {ED8F9455-9E04-40D6-B660-AA3522B2139F}
	EndGlobalSection
EndGlobal
